// !$*UTF8*$!
{
	archiveVersion = 1;
	classes = {
	};
	objectVersion = 55;
	objects = {

/* Begin PBXBuildFile section */
		B5DEAB7B28A4E0E500C943A2 /* AppDelegate.m in Sources */ = {isa = PBXBuildFile; fileRef = B5DEAB7A28A4E0E500C943A2 /* AppDelegate.m */; };
		B5DEAB7E28A4E0E500C943A2 /* SceneDelegate.m in Sources */ = {isa = PBXBuildFile; fileRef = B5DEAB7D28A4E0E500C943A2 /* SceneDelegate.m */; };
		B5DEAB8128A4E0E500C943A2 /* ViewController.m in Sources */ = {isa = PBXBuildFile; fileRef = B5DEAB8028A4E0E500C943A2 /* ViewController.m */; };
		B5DEAB8428A4E0E500C943A2 /* Main.storyboard in Resources */ = {isa = PBXBuildFile; fileRef = B5DEAB8228A4E0E500C943A2 /* Main.storyboard */; };
		B5DEAB8628A4E0EC00C943A2 /* Assets.xcassets in Resources */ = {isa = PBXBuildFile; fileRef = B5DEAB8528A4E0EC00C943A2 /* Assets.xcassets */; };
		B5DEAB8928A4E0EC00C943A2 /* LaunchScreen.storyboard in Resources */ = {isa = PBXBuildFile; fileRef = B5DEAB8728A4E0EC00C943A2 /* LaunchScreen.storyboard */; };
		B5DEAB8C28A4E0EC00C943A2 /* main.m in Sources */ = {isa = PBXBuildFile; fileRef = B5DEAB8B28A4E0EC00C943A2 /* main.m */; };
		B5DEAB9628A4E0ED00C943A2 /* Demo1Tests.m in Sources */ = {isa = PBXBuildFile; fileRef = B5DEAB9528A4E0ED00C943A2 /* Demo1Tests.m */; };
		B5DEABA028A4E0ED00C943A2 /* Demo1UITests.m in Sources */ = {isa = PBXBuildFile; fileRef = B5DEAB9F28A4E0ED00C943A2 /* Demo1UITests.m */; };
		B5DEABA228A4E0ED00C943A2 /* Demo1UITestsLaunchTests.m in Sources */ = {isa = PBXBuildFile; fileRef = B5DEABA128A4E0ED00C943A2 /* Demo1UITestsLaunchTests.m */; };
/* End PBXBuildFile section */

/* Begin PBXContainerItemProxy section */
		B5DEAB9228A4E0ED00C943A2 /* PBXContainerItemProxy */ = {
			isa = PBXContainerItemProxy;
			containerPortal = B5DEAB6E28A4E0E500C943A2 /* Project object */;
			proxyType = 1;
			remoteGlobalIDString = B5DEAB7528A4E0E500C943A2;
			remoteInfo = Demo1;
		};
		B5DEAB9C28A4E0ED00C943A2 /* PBXContainerItemProxy */ = {
			isa = PBXContainerItemProxy;
			containerPortal = B5DEAB6E28A4E0E500C943A2 /* Project object */;
			proxyType = 1;
			remoteGlobalIDString = B5DEAB7528A4E0E500C943A2;
			remoteInfo = Demo1;
		};
/* End PBXContainerItemProxy section */

/* Begin PBXFileReference section */
		B5DEAB7628A4E0E500C943A2 /* Demo1.app */ = {isa = PBXFileReference; explicitFileType = wrapper.application; includeInIndex = 0; path = Demo1.app; sourceTree = BUILT_PRODUCTS_DIR; };
		B5DEAB7928A4E0E500C943A2 /* AppDelegate.h */ = {isa = PBXFileReference; lastKnownFileType = sourcecode.c.h; path = AppDelegate.h; sourceTree = "<group>"; };
		B5DEAB7A28A4E0E500C943A2 /* AppDelegate.m */ = {isa = PBXFileReference; lastKnownFileType = sourcecode.c.objc; path = AppDelegate.m; sourceTree = "<group>"; };
		B5DEAB7C28A4E0E500C943A2 /* SceneDelegate.h */ = {isa = PBXFileReference; lastKnownFileType = sourcecode.c.h; path = SceneDelegate.h; sourceTree = "<group>"; };
		B5DEAB7D28A4E0E500C943A2 /* SceneDelegate.m */ = {isa = PBXFileReference; lastKnownFileType = sourcecode.c.objc; path = SceneDelegate.m; sourceTree = "<group>"; };
		B5DEAB7F28A4E0E500C943A2 /* ViewController.h */ = {isa = PBXFileReference; lastKnownFileType = sourcecode.c.h; path = ViewController.h; sourceTree = "<group>"; };
		B5DEAB8028A4E0E500C943A2 /* ViewController.m */ = {isa = PBXFileReference; lastKnownFileType = sourcecode.c.objc; path = ViewController.m; sourceTree = "<group>"; };
		B5DEAB8328A4E0E500C943A2 /* Base */ = {isa = PBXFileReference; lastKnownFileType = file.storyboard; name = Base; path = Base.lproj/Main.storyboard; sourceTree = "<group>"; };
		B5DEAB8528A4E0EC00C943A2 /* Assets.xcassets */ = {isa = PBXFileReference; lastKnownFileType = folder.assetcatalog; path = Assets.xcassets; sourceTree = "<group>"; };
		B5DEAB8828A4E0EC00C943A2 /* Base */ = {isa = PBXFileReference; lastKnownFileType = file.storyboard; name = Base; path = Base.lproj/LaunchScreen.storyboard; sourceTree = "<group>"; };
		B5DEAB8A28A4E0EC00C943A2 /* Info.plist */ = {isa = PBXFileReference; lastKnownFileType = text.plist.xml; path = Info.plist; sourceTree = "<group>"; };
		B5DEAB8B28A4E0EC00C943A2 /* main.m */ = {isa = PBXFileReference; lastKnownFileType = sourcecode.c.objc; path = main.m; sourceTree = "<group>"; };
		B5DEAB9128A4E0ED00C943A2 /* Demo1Tests.xctest */ = {isa = PBXFileReference; explicitFileType = wrapper.cfbundle; includeInIndex = 0; path = Demo1Tests.xctest; sourceTree = BUILT_PRODUCTS_DIR; };
		B5DEAB9528A4E0ED00C943A2 /* Demo1Tests.m */ = {isa = PBXFileReference; lastKnownFileType = sourcecode.c.objc; path = Demo1Tests.m; sourceTree = "<group>"; };
		B5DEAB9B28A4E0ED00C943A2 /* Demo1UITests.xctest */ = {isa = PBXFileReference; explicitFileType = wrapper.cfbundle; includeInIndex = 0; path = Demo1UITests.xctest; sourceTree = BUILT_PRODUCTS_DIR; };
		B5DEAB9F28A4E0ED00C943A2 /* Demo1UITests.m */ = {isa = PBXFileReference; lastKnownFileType = sourcecode.c.objc; path = Demo1UITests.m; sourceTree = "<group>"; };
		B5DEABA128A4E0ED00C943A2 /* Demo1UITestsLaunchTests.m */ = {isa = PBXFileReference; lastKnownFileType = sourcecode.c.objc; path = Demo1UITestsLaunchTests.m; sourceTree = "<group>"; };
/* End PBXFileReference section */

/* Begin PBXFrameworksBuildPhase section */
		B5DEAB7328A4E0E500C943A2 /* Frameworks */ = {
			isa = PBXFrameworksBuildPhase;
			buildActionMask = 2147483647;
			files = (
			);
			runOnlyForDeploymentPostprocessing = 0;
		};
		B5DEAB8E28A4E0ED00C943A2 /* Frameworks */ = {
			isa = PBXFrameworksBuildPhase;
			buildActionMask = 2147483647;
			files = (
			);
			runOnlyForDeploymentPostprocessing = 0;
		};
		B5DEAB9828A4E0ED00C943A2 /* Frameworks */ = {
			isa = PBXFrameworksBuildPhase;
			buildActionMask = 2147483647;
			files = (
			);
			runOnlyForDeploymentPostprocessing = 0;
		};
/* End PBXFrameworksBuildPhase section */

/* Begin PBXGroup section */
		B5DEAB6D28A4E0E500C943A2 = {
			isa = PBXGroup;
			children = (
				B5DEAB7828A4E0E500C943A2 /* Demo1 */,
				B5DEAB9428A4E0ED00C943A2 /* Demo1Tests */,
				B5DEAB9E28A4E0ED00C943A2 /* Demo1UITests */,
				B5DEAB7728A4E0E500C943A2 /* Products */,
			);
			sourceTree = "<group>";
		};
		B5DEAB7728A4E0E500C943A2 /* Products */ = {
			isa = PBXGroup;
			children = (
				B5DEAB7628A4E0E500C943A2 /* Demo1.app */,
				B5DEAB9128A4E0ED00C943A2 /* Demo1Tests.xctest */,
				B5DEAB9B28A4E0ED00C943A2 /* Demo1UITests.xctest */,
			);
			name = Products;
			sourceTree = "<group>";
		};
		B5DEAB7828A4E0E500C943A2 /* Demo1 */ = {
			isa = PBXGroup;
			children = (
				B5DEAB7928A4E0E500C943A2 /* AppDelegate.h */,
				B5DEAB7A28A4E0E500C943A2 /* AppDelegate.m */,
				B5DEAB7C28A4E0E500C943A2 /* SceneDelegate.h */,
				B5DEAB7D28A4E0E500C943A2 /* SceneDelegate.m */,
				B5DEAB7F28A4E0E500C943A2 /* ViewController.h */,
				B5DEAB8028A4E0E500C943A2 /* ViewController.m */,
				B5DEAB8228A4E0E500C943A2 /* Main.storyboard */,
				B5DEAB8528A4E0EC00C943A2 /* Assets.xcassets */,
				B5DEAB8728A4E0EC00C943A2 /* LaunchScreen.storyboard */,
				B5DEAB8A28A4E0EC00C943A2 /* Info.plist */,
				B5DEAB8B28A4E0EC00C943A2 /* main.m */,
			);
			path = Demo1;
			sourceTree = "<group>";
		};
		B5DEAB9428A4E0ED00C943A2 /* Demo1Tests */ = {
			isa = PBXGroup;
			children = (
				B5DEAB9528A4E0ED00C943A2 /* Demo1Tests.m */,
			);
			path = Demo1Tests;
			sourceTree = "<group>";
		};
		B5DEAB9E28A4E0ED00C943A2 /* Demo1UITests */ = {
			isa = PBXGroup;
			children = (
				B5DEAB9F28A4E0ED00C943A2 /* Demo1UITests.m */,
				B5DEABA128A4E0ED00C943A2 /* Demo1UITestsLaunchTests.m */,
			);
			path = Demo1UITests;
			sourceTree = "<group>";
		};
/* End PBXGroup section */

/* Begin PBXNativeTarget section */
		B5DEAB7528A4E0E500C943A2 /* Demo1 */ = {
			isa = PBXNativeTarget;
			buildConfigurationList = B5DEABA528A4E0ED00C943A2 /* Build configuration list for PBXNativeTarget "Demo1" */;
			buildPhases = (
				B5DEAB7228A4E0E500C943A2 /* Sources */,
				B5DEAB7328A4E0E500C943A2 /* Frameworks */,
				B5DEAB7428A4E0E500C943A2 /* Resources */,
			);
			buildRules = (
			);
			dependencies = (
			);
			name = Demo1;
			productName = Demo1;
			productReference = B5DEAB7628A4E0E500C943A2 /* Demo1.app */;
			productType = "com.apple.product-type.application";
		};
		B5DEAB9028A4E0ED00C943A2 /* Demo1Tests */ = {
			isa = PBXNativeTarget;
			buildConfigurationList = B5DEABA828A4E0ED00C943A2 /* Build configuration list for PBXNativeTarget "Demo1Tests" */;
			buildPhases = (
				B5DEAB8D28A4E0ED00C943A2 /* Sources */,
				B5DEAB8E28A4E0ED00C943A2 /* Frameworks */,
				B5DEAB8F28A4E0ED00C943A2 /* Resources */,
			);
			buildRules = (
			);
			dependencies = (
				B5DEAB9328A4E0ED00C943A2 /* PBXTargetDependency */,
			);
			name = Demo1Tests;
			productName = Demo1Tests;
			productReference = B5DEAB9128A4E0ED00C943A2 /* Demo1Tests.xctest */;
			productType = "com.apple.product-type.bundle.unit-test";
		};
		B5DEAB9A28A4E0ED00C943A2 /* Demo1UITests */ = {
			isa = PBXNativeTarget;
			buildConfigurationList = B5DEABAB28A4E0ED00C943A2 /* Build configuration list for PBXNativeTarget "Demo1UITests" */;
			buildPhases = (
				B5DEAB9728A4E0ED00C943A2 /* Sources */,
				B5DEAB9828A4E0ED00C943A2 /* Frameworks */,
				B5DEAB9928A4E0ED00C943A2 /* Resources */,
			);
			buildRules = (
			);
			dependencies = (
				B5DEAB9D28A4E0ED00C943A2 /* PBXTargetDependency */,
			);
			name = Demo1UITests;
			productName = Demo1UITests;
			productReference = B5DEAB9B28A4E0ED00C943A2 /* Demo1UITests.xctest */;
			productType = "com.apple.product-type.bundle.ui-testing";
		};
/* End PBXNativeTarget section */

/* Begin PBXProject section */
		B5DEAB6E28A4E0E500C943A2 /* Project object */ = {
			isa = PBXProject;
			attributes = {
				BuildIndependentTargetsInParallel = 1;
				LastUpgradeCheck = 1340;
				TargetAttributes = {
					B5DEAB7528A4E0E500C943A2 = {
						CreatedOnToolsVersion = 13.4.1;
					};
					B5DEAB9028A4E0ED00C943A2 = {
						CreatedOnToolsVersion = 13.4.1;
						TestTargetID = B5DEAB7528A4E0E500C943A2;
					};
					B5DEAB9A28A4E0ED00C943A2 = {
						CreatedOnToolsVersion = 13.4.1;
						TestTargetID = B5DEAB7528A4E0E500C943A2;
					};
				};
			};
			buildConfigurationList = B5DEAB7128A4E0E500C943A2 /* Build configuration list for PBXProject "Demo1" */;
			compatibilityVersion = "Xcode 13.0";
			developmentRegion = en;
			hasScannedForEncodings = 0;
			knownRegions = (
				en,
				Base,
			);
			mainGroup = B5DEAB6D28A4E0E500C943A2;
			productRefGroup = B5DEAB7728A4E0E500C943A2 /* Products */;
			projectDirPath = "";
			projectRoot = "";
			targets = (
				B5DEAB7528A4E0E500C943A2 /* Demo1 */,
				B5DEAB9028A4E0ED00C943A2 /* Demo1Tests */,
				B5DEAB9A28A4E0ED00C943A2 /* Demo1UITests */,
			);
		};
/* End PBXProject section */

/* Begin PBXResourcesBuildPhase section */
		B5DEAB7428A4E0E500C943A2 /* Resources */ = {
			isa = PBXResourcesBuildPhase;
			buildActionMask = 2147483647;
			files = (
				B5DEAB8928A4E0EC00C943A2 /* LaunchScreen.storyboard in Resources */,
				B5DEAB8628A4E0EC00C943A2 /* Assets.xcassets in Resources */,
				B5DEAB8428A4E0E500C943A2 /* Main.storyboard in Resources */,
			);
			runOnlyForDeploymentPostprocessing = 0;
		};
		B5DEAB8F28A4E0ED00C943A2 /* Resources */ = {
			isa = PBXResourcesBuildPhase;
			buildActionMask = 2147483647;
			files = (
			);
			runOnlyForDeploymentPostprocessing = 0;
		};
		B5DEAB9928A4E0ED00C943A2 /* Resources */ = {
			isa = PBXResourcesBuildPhase;
			buildActionMask = 2147483647;
			files = (
			);
			runOnlyForDeploymentPostprocessing = 0;
		};
/* End PBXResourcesBuildPhase section */

/* Begin PBXSourcesBuildPhase section */
		B5DEAB7228A4E0E500C943A2 /* Sources */ = {
			isa = PBXSourcesBuildPhase;
			buildActionMask = 2147483647;
			files = (
				B5DEAB8128A4E0E500C943A2 /* ViewController.m in Sources */,
				B5DEAB7B28A4E0E500C943A2 /* AppDelegate.m in Sources */,
				B5DEAB8C28A4E0EC00C943A2 /* main.m in Sources */,
				B5DEAB7E28A4E0E500C943A2 /* SceneDelegate.m in Sources */,
			);
			runOnlyForDeploymentPostprocessing = 0;
		};
		B5DEAB8D28A4E0ED00C943A2 /* Sources */ = {
			isa = PBXSourcesBuildPhase;
			buildActionMask = 2147483647;
			files = (
				B5DEAB9628A4E0ED00C943A2 /* Demo1Tests.m in Sources */,
			);
			runOnlyForDeploymentPostprocessing = 0;
		};
		B5DEAB9728A4E0ED00C943A2 /* Sources */ = {
			isa = PBXSourcesBuildPhase;
			buildActionMask = 2147483647;
			files = (
				B5DEABA028A4E0ED00C943A2 /* Demo1UITests.m in Sources */,
				B5DEABA228A4E0ED00C943A2 /* Demo1UITestsLaunchTests.m in Sources */,
			);
			runOnlyForDeploymentPostprocessing = 0;
		};
/* End PBXSourcesBuildPhase section */

/* Begin PBXTargetDependency section */
		B5DEAB9328A4E0ED00C943A2 /* PBXTargetDependency */ = {
			isa = PBXTargetDependency;
			target = B5DEAB7528A4E0E500C943A2 /* Demo1 */;
			targetProxy = B5DEAB9228A4E0ED00C943A2 /* PBXContainerItemProxy */;
		};
		B5DEAB9D28A4E0ED00C943A2 /* PBXTargetDependency */ = {
			isa = PBXTargetDependency;
			target = B5DEAB7528A4E0E500C943A2 /* Demo1 */;
			targetProxy = B5DEAB9C28A4E0ED00C943A2 /* PBXContainerItemProxy */;
		};
/* End PBXTargetDependency section */

/* Begin PBXVariantGroup section */
		B5DEAB8228A4E0E500C943A2 /* Main.storyboard */ = {
			isa = PBXVariantGroup;
			children = (
				B5DEAB8328A4E0E500C943A2 /* Base */,
			);
			name = Main.storyboard;
			sourceTree = "<group>";
		};
		B5DEAB8728A4E0EC00C943A2 /* LaunchScreen.storyboard */ = {
			isa = PBXVariantGroup;
			children = (
				B5DEAB8828A4E0EC00C943A2 /* Base */,
			);
			name = LaunchScreen.storyboard;
			sourceTree = "<group>";
		};
/* End PBXVariantGroup section */

/* Begin XCBuildConfiguration section */
		B5DEABA328A4E0ED00C943A2 /* Debug */ = {
			isa = XCBuildConfiguration;
			buildSettings = {
				ALWAYS_SEARCH_USER_PATHS = NO;
				CLANG_ANALYZER_NONNULL = YES;
				CLANG_ANALYZER_NUMBER_OBJECT_CONVERSION = YES_AGGRESSIVE;
				CLANG_CXX_LANGUAGE_STANDARD = "gnu++17";
				CLANG_ENABLE_MODULES = YES;
				CLANG_ENABLE_OBJC_ARC = YES;
				CLANG_ENABLE_OBJC_WEAK = YES;
				CLANG_WARN_BLOCK_CAPTURE_AUTORELEASING = YES;
				CLANG_WARN_BOOL_CONVERSION = YES;
				CLANG_WARN_COMMA = YES;
				CLANG_WARN_CONSTANT_CONVERSION = YES;
				CLANG_WARN_DEPRECATED_OBJC_IMPLEMENTATIONS = YES;
				CLANG_WARN_DIRECT_OBJC_ISA_USAGE = YES_ERROR;
				CLANG_WARN_DOCUMENTATION_COMMENTS = YES;
				CLANG_WARN_EMPTY_BODY = YES;
				CLANG_WARN_ENUM_CONVERSION = YES;
				CLANG_WARN_INFINITE_RECURSION = YES;
				CLANG_WARN_INT_CONVERSION = YES;
				CLANG_WARN_NON_LITERAL_NULL_CONVERSION = YES;
				CLANG_WARN_OBJC_IMPLICIT_RETAIN_SELF = YES;
				CLANG_WARN_OBJC_LITERAL_CONVERSION = YES;
				CLANG_WARN_OBJC_ROOT_CLASS = YES_ERROR;
				CLANG_WARN_QUOTED_INCLUDE_IN_FRAMEWORK_HEADER = YES;
				CLANG_WARN_RANGE_LOOP_ANALYSIS = YES;
				CLANG_WARN_STRICT_PROTOTYPES = YES;
				CLANG_WARN_SUSPICIOUS_MOVE = YES;
				CLANG_WARN_UNGUARDED_AVAILABILITY = YES_AGGRESSIVE;
				CLANG_WARN_UNREACHABLE_CODE = YES;
				CLANG_WARN__DUPLICATE_METHOD_MATCH = YES;
				COPY_PHASE_STRIP = NO;
				DEBUG_INFORMATION_FORMAT = dwarf;
				ENABLE_STRICT_OBJC_MSGSEND = YES;
				ENABLE_TESTABILITY = YES;
				GCC_C_LANGUAGE_STANDARD = gnu11;
				GCC_DYNAMIC_NO_PIC = NO;
				GCC_NO_COMMON_BLOCKS = YES;
				GCC_OPTIMIZATION_LEVEL = 0;
				GCC_PREPROCESSOR_DEFINITIONS = (
					"DEBUG=1",
					"$(inherited)",
				);
				GCC_WARN_64_TO_32_BIT_CONVERSION = YES;
				GCC_WARN_ABOUT_RETURN_TYPE = YES_ERROR;
				GCC_WARN_UNDECLARED_SELECTOR = YES;
				GCC_WARN_UNINITIALIZED_AUTOS = YES_AGGRESSIVE;
				GCC_WARN_UNUSED_FUNCTION = YES;
				GCC_WARN_UNUSED_VARIABLE = YES;
				IPHONEOS_DEPLOYMENT_TARGET = 15.5;
				MTL_ENABLE_DEBUG_INFO = INCLUDE_SOURCE;
				MTL_FAST_MATH = YES;
				ONLY_ACTIVE_ARCH = YES;
				SDKROOT = iphoneos;
			};
			name = Debug;
		};
		B5DEABA428A4E0ED00C943A2 /* Release */ = {
			isa = XCBuildConfiguration;
			buildSettings = {
				ALWAYS_SEARCH_USER_PATHS = NO;
				CLANG_ANALYZER_NONNULL = YES;
				CLANG_ANALYZER_NUMBER_OBJECT_CONVERSION = YES_AGGRESSIVE;
				CLANG_CXX_LANGUAGE_STANDARD = "gnu++17";
				CLANG_ENABLE_MODULES = YES;
				CLANG_ENABLE_OBJC_ARC = YES;
				CLANG_ENABLE_OBJC_WEAK = YES;
				CLANG_WARN_BLOCK_CAPTURE_AUTORELEASING = YES;
				CLANG_WARN_BOOL_CONVERSION = YES;
				CLANG_WARN_COMMA = YES;
				CLANG_WARN_CONSTANT_CONVERSION = YES;
				CLANG_WARN_DEPRECATED_OBJC_IMPLEMENTATIONS = YES;
				CLANG_WARN_DIRECT_OBJC_ISA_USAGE = YES_ERROR;
				CLANG_WARN_DOCUMENTATION_COMMENTS = YES;
				CLANG_WARN_EMPTY_BODY = YES;
				CLANG_WARN_ENUM_CONVERSION = YES;
				CLANG_WARN_INFINITE_RECURSION = YES;
				CLANG_WARN_INT_CONVERSION = YES;
				CLANG_WARN_NON_LITERAL_NULL_CONVERSION = YES;
				CLANG_WARN_OBJC_IMPLICIT_RETAIN_SELF = YES;
				CLANG_WARN_OBJC_LITERAL_CONVERSION = YES;
				CLANG_WARN_OBJC_ROOT_CLASS = YES_ERROR;
				CLANG_WARN_QUOTED_INCLUDE_IN_FRAMEWORK_HEADER = YES;
				CLANG_WARN_RANGE_LOOP_ANALYSIS = YES;
				CLANG_WARN_STRICT_PROTOTYPES = YES;
				CLANG_WARN_SUSPICIOUS_MOVE = YES;
				CLANG_WARN_UNGUARDED_AVAILABILITY = YES_AGGRESSIVE;
				CLANG_WARN_UNREACHABLE_CODE = YES;
				CLANG_WARN__DUPLICATE_METHOD_MATCH = YES;
				COPY_PHASE_STRIP = NO;
				DEBUG_INFORMATION_FORMAT = "dwarf-with-dsym";
				ENABLE_NS_ASSERTIONS = NO;
				ENABLE_STRICT_OBJC_MSGSEND = YES;
				GCC_C_LANGUAGE_STANDARD = gnu11;
				GCC_NO_COMMON_BLOCKS = YES;
				GCC_WARN_64_TO_32_BIT_CONVERSION = YES;
				GCC_WARN_ABOUT_RETURN_TYPE = YES_ERROR;
				GCC_WARN_UNDECLARED_SELECTOR = YES;
				GCC_WARN_UNINITIALIZED_AUTOS = YES_AGGRESSIVE;
				GCC_WARN_UNUSED_FUNCTION = YES;
				GCC_WARN_UNUSED_VARIABLE = YES;
				IPHONEOS_DEPLOYMENT_TARGET = 15.5;
				MTL_ENABLE_DEBUG_INFO = NO;
				MTL_FAST_MATH = YES;
				SDKROOT = iphoneos;
				VALIDATE_PRODUCT = YES;
			};
			name = Release;
		};
		B5DEABA628A4E0ED00C943A2 /* Debug */ = {
			isa = XCBuildConfiguration;
			buildSettings = {
				ASSETCATALOG_COMPILER_APPICON_NAME = AppIcon;
				ASSETCATALOG_COMPILER_GLOBAL_ACCENT_COLOR_NAME = AccentColor;
				CODE_SIGN_STYLE = Automatic;
				CURRENT_PROJECT_VERSION = 1;
				GENERATE_INFOPLIST_FILE = YES;
				INFOPLIST_FILE = Demo1/Info.plist;
				INFOPLIST_KEY_UIApplicationSupportsIndirectInputEvents = YES;
				INFOPLIST_KEY_UILaunchStoryboardName = LaunchScreen;
				INFOPLIST_KEY_UIMainStoryboardFile = Main;
				INFOPLIST_KEY_UISupportedInterfaceOrientations_iPad = "UIInterfaceOrientationPortrait UIInterfaceOrientationPortraitUpsideDown UIInterfaceOrientationLandscapeLeft UIInterfaceOrientationLandscapeRight";
				INFOPLIST_KEY_UISupportedInterfaceOrientations_iPhone = "UIInterfaceOrientationPortrait UIInterfaceOrientationLandscapeLeft UIInterfaceOrientationLandscapeRight";
				LD_RUNPATH_SEARCH_PATHS = (
					"$(inherited)",
					"@executable_path/Frameworks",
				);
				MARKETING_VERSION = 1.0;
				PRODUCT_BUNDLE_IDENTIFIER = demo.Demo1;
				PRODUCT_NAME = "$(TARGET_NAME)";
				SWIFT_EMIT_LOC_STRINGS = YES;
				TARGETED_DEVICE_FAMILY = "1,2";
			};
			name = Debug;
		};
		B5DEABA728A4E0ED00C943A2 /* Release */ = {
			isa = XCBuildConfiguration;
			buildSettings = {
				ASSETCATALOG_COMPILER_APPICON_NAME = AppIcon;
				ASSETCATALOG_COMPILER_GLOBAL_ACCENT_COLOR_NAME = AccentColor;
				CODE_SIGN_STYLE = Automatic;
				CURRENT_PROJECT_VERSION = 1;
				GENERATE_INFOPLIST_FILE = YES;
				INFOPLIST_FILE = Demo1/Info.plist;
				INFOPLIST_KEY_UIApplicationSupportsIndirectInputEvents = YES;
				INFOPLIST_KEY_UILaunchStoryboardName = LaunchScreen;
				INFOPLIST_KEY_UIMainStoryboardFile = Main;
				INFOPLIST_KEY_UISupportedInterfaceOrientations_iPad = "UIInterfaceOrientationPortrait UIInterfaceOrientationPortraitUpsideDown UIInterfaceOrientationLandscapeLeft UIInterfaceOrientationLandscapeRight";
				INFOPLIST_KEY_UISupportedInterfaceOrientations_iPhone = "UIInterfaceOrientationPortrait UIInterfaceOrientationLandscapeLeft UIInterfaceOrientationLandscapeRight";
				LD_RUNPATH_SEARCH_PATHS = (
					"$(inherited)",
					"@executable_path/Frameworks",
				);
				MARKETING_VERSION = 1.0;
				PRODUCT_BUNDLE_IDENTIFIER = demo.Demo1;
				PRODUCT_NAME = "$(TARGET_NAME)";
				SWIFT_EMIT_LOC_STRINGS = YES;
				TARGETED_DEVICE_FAMILY = "1,2";
			};
			name = Release;
		};
		B5DEABA928A4E0ED00C943A2 /* Debug */ = {
			isa = XCBuildConfiguration;
			buildSettings = {
				BUNDLE_LOADER = "$(TEST_HOST)";
				CODE_SIGN_STYLE = Automatic;
				CURRENT_PROJECT_VERSION = 1;
				GENERATE_INFOPLIST_FILE = YES;
				IPHONEOS_DEPLOYMENT_TARGET = 15.5;
				MARKETING_VERSION = 1.0;
				PRODUCT_BUNDLE_IDENTIFIER = demo.Demo1Tests;
				PRODUCT_NAME = "$(TARGET_NAME)";
				SWIFT_EMIT_LOC_STRINGS = NO;
				TARGETED_DEVICE_FAMILY = "1,2";
				TEST_HOST = "$(BUILT_PRODUCTS_DIR)/Demo1.app/Demo1";
			};
			name = Debug;
		};
		B5DEABAA28A4E0ED00C943A2 /* Release */ = {
			isa = XCBuildConfiguration;
			buildSettings = {
				BUNDLE_LOADER = "$(TEST_HOST)";
				CODE_SIGN_STYLE = Automatic;
				CURRENT_PROJECT_VERSION = 1;
				GENERATE_INFOPLIST_FILE = YES;
				IPHONEOS_DEPLOYMENT_TARGET = 15.5;
				MARKETING_VERSION = 1.0;
				PRODUCT_BUNDLE_IDENTIFIER = demo.Demo1Tests;
				PRODUCT_NAME = "$(TARGET_NAME)";
				SWIFT_EMIT_LOC_STRINGS = NO;
				TARGETED_DEVICE_FAMILY = "1,2";
				TEST_HOST = "$(BUILT_PRODUCTS_DIR)/Demo1.app/Demo1";
			};
			name = Release;
		};
		B5DEABAC28A4E0ED00C943A2 /* Debug */ = {
			isa = XCBuildConfiguration;
			buildSettings = {
				CODE_SIGN_STYLE = Automatic;
				CURRENT_PROJECT_VERSION = 1;
				GENERATE_INFOPLIST_FILE = YES;
				MARKETING_VERSION = 1.0;
				PRODUCT_BUNDLE_IDENTIFIER = demo.Demo1UITests;
				PRODUCT_NAME = "$(TARGET_NAME)";
				SWIFT_EMIT_LOC_STRINGS = NO;
				TARGETED_DEVICE_FAMILY = "1,2";
				TEST_TARGET_NAME = Demo1;
			};
			name = Debug;
		};
		B5DEABAD28A4E0ED00C943A2 /* Release */ = {
			isa = XCBuildConfiguration;
			buildSettings = {
				CODE_SIGN_STYLE = Automatic;
				CURRENT_PROJECT_VERSION = 1;
				GENERATE_INFOPLIST_FILE = YES;
				MARKETING_VERSION = 1.0;
				PRODUCT_BUNDLE_IDENTIFIER = demo.Demo1UITests;
				PRODUCT_NAME = "$(TARGET_NAME)";
				SWIFT_EMIT_LOC_STRINGS = NO;
				TARGETED_DEVICE_FAMILY = "1,2";
				TEST_TARGET_NAME = Demo1;
			};
			name = Release;
		};
/* End XCBuildConfiguration section */

/* Begin XCConfigurationList section */
		B5DEAB7128A4E0E500C943A2 /* Build configuration list for PBXProject "Demo1" */ = {
			isa = XCConfigurationList;
			buildConfigurations = (
				B5DEABA328A4E0ED00C943A2 /* Debug */,
				B5DEABA428A4E0ED00C943A2 /* Release */,
			);
			defaultConfigurationIsVisible = 0;
			defaultConfigurationName = Release;
		};
		B5DEABA528A4E0ED00C943A2 /* Build configuration list for PBXNativeTarget "Demo1" */ = {
			isa = XCConfigurationList;
			buildConfigurations = (
				B5DEABA628A4E0ED00C943A2 /* Debug */,
				B5DEABA728A4E0ED00C943A2 /* Release */,
			);
			defaultConfigurationIsVisible = 0;
			defaultConfigurationName = Release;
		};
		B5DEABA828A4E0ED00C943A2 /* Build configuration list for PBXNativeTarget "Demo1Tests" */ = {
			isa = XCConfigurationList;
			buildConfigurations = (
				B5DEABA928A4E0ED00C943A2 /* Debug */,
				B5DEABAA28A4E0ED00C943A2 /* Release */,
			);
			defaultConfigurationIsVisible = 0;
			defaultConfigurationName = Release;
		};
		B5DEABAB28A4E0ED00C943A2 /* Build configuration list for PBXNativeTarget "Demo1UITests" */ = {
			isa = XCConfigurationList;
			buildConfigurations = (
				B5DEABAC28A4E0ED00C943A2 /* Debug */,
				B5DEABAD28A4E0ED00C943A2 /* Release */,
			);
			defaultConfigurationIsVisible = 0;
			defaultConfigurationName = Release;
		};
/* End XCConfigurationList section */
	};
	rootObject = B5DEAB6E28A4E0E500C943A2 /* Project object */;
}
